<?xml version="1.0" encoding="utf-8"?>
<Project ToolsVersion="4.0" xmlns="http://schemas.microsoft.com/developer/msbuild/2003">
  <ItemGroup>
    <Filter Include="Source Files">
      <UniqueIdentifier>{4FC737F1-C7A5-4376-A066-2A32D752A2FF}</UniqueIdentifier>
      <Extensions>qml;cpp;c;cc;cxx;def;odl;idl;hpj;bat;asm;asmx</Extensions>
    </Filter>
    <Filter Include="Header Files">
      <UniqueIdentifier>{93995380-89BD-4b04-88EB-625FBE52EBFB}</UniqueIdentifier>
      <Extensions>h;hh;hpp;hxx;hm;inl;inc;xsd</Extensions>
    </Filter>
    <Filter Include="Resource Files">
      <UniqueIdentifier>{67DA6AB6-F800-4c08-8B7A-83BB121AAD01}</UniqueIdentifier>
      <Extensions>qrc;rc;ico;cur;bmp;dlg;rc2;rct;bin;rgs;gif;jpg;jpeg;jpe;resx;tiff;tif;png;wav;mfcribbon-ms</Extensions>
    </Filter>
    <Filter Include="Form Files">
      <UniqueIdentifier>{99349809-55BA-4b9d-BF79-8FDBB0286EB3}</UniqueIdentifier>
      <Extensions>ui</Extensions>
    </Filter>
    <Filter Include="Translation Files">
      <UniqueIdentifier>{639EADAA-A684-42e4-A9AD-28FC9BCB8F7C}</UniqueIdentifier>
      <Extensions>ts</Extensions>
    </Filter>
    <Filter Include="Source Files\GL">
      <UniqueIdentifier>{40c49444-72a7-4598-8003-e0e429a3502b}</UniqueIdentifier>
    </Filter>
    <Filter Include="Source Files\core">
      <UniqueIdentifier>{6f48e8a2-316b-45dd-a001-713cbccd9891}</UniqueIdentifier>
    </Filter>
    <Filter Include="Header Files\core">
      <UniqueIdentifier>{9530263a-e6b0-405d-932c-2748db9d76e5}</UniqueIdentifier>
    </Filter>
    <Filter Include="MLang">
      <UniqueIdentifier>{1c022559-1160-4c1c-a5a0-042b9d88b939}</UniqueIdentifier>
    </Filter>
    <Filter Include="MLang\cpp">
      <UniqueIdentifier>{7c9147fb-956c-4f31-ba66-ae7592608438}</UniqueIdentifier>
    </Filter>
    <Filter Include="MLang\header">
      <UniqueIdentifier>{a4e3c1aa-3e32-4161-b0bf-e266bfe8b4cb}</UniqueIdentifier>
    </Filter>
  </ItemGroup>
  <ItemGroup>
    <QtRcc Include="Render_qt.qrc">
      <Filter>Resource Files</Filter>
    </QtRcc>
    <QtUic Include="Render_qt.ui">
      <Filter>Form Files</Filter>
    </QtUic>
    <QtMoc Include="Render_qt.h">
      <Filter>Header Files</Filter>
    </QtMoc>
    <ClCompile Include="Render_qt.cpp">
      <Filter>Source Files</Filter>
    </ClCompile>
  </ItemGroup>
  <ItemGroup>
    <ClCompile Include="main.cpp">
      <Filter>Source Files</Filter>
    </ClCompile>
    <ClCompile Include="src\cpp\GLButton.cpp">
      <Filter>Source Files\GL</Filter>
    </ClCompile>
    <ClCompile Include="src\cpp\MainOpenGLWidget.cpp">
      <Filter>Source Files\GL</Filter>
    </ClCompile>
    <ClCompile Include="src\cpp\GL_UI.cpp">
      <Filter>Source Files\GL</Filter>
    </ClCompile>
    <ClCompile Include="src\cpp\shader.cpp">
      <Filter>Source Files\GL</Filter>
    </ClCompile>
    <ClCompile Include="src\cpp\core\renderer.cpp">
      <Filter>Source Files\core</Filter>
    </ClCompile>
    <ClCompile Include="..\M Lang\cpp\AST.cpp">
      <Filter>MLang\cpp</Filter>
    </ClCompile>
    <ClCompile Include="..\M Lang\cpp\base64.cpp">
      <Filter>MLang\cpp</Filter>
    </ClCompile>
    <ClCompile Include="..\M Lang\cpp\ByteArray.cpp">
      <Filter>MLang\cpp</Filter>
    </ClCompile>
    <ClCompile Include="..\M Lang\cpp\caller.cpp">
      <Filter>MLang\cpp</Filter>
    </ClCompile>
    <ClCompile Include="..\M Lang\cpp\Common.cpp">
      <Filter>MLang\cpp</Filter>
    </ClCompile>
    <ClCompile Include="..\M Lang\cpp\IRGenerator.cpp">
      <Filter>MLang\cpp</Filter>
    </ClCompile>
    <ClCompile Include="..\M Lang\cpp\Lexer.cpp">
      <Filter>MLang\cpp</Filter>
    </ClCompile>
    <ClCompile Include="..\M Lang\cpp\SectionManager.cpp">
      <Filter>MLang\cpp</Filter>
    </ClCompile>
    <ClCompile Include="..\M Lang\cpp\vm.cpp">
      <Filter>MLang\cpp</Filter>
    </ClCompile>
    <ClCompile Include="..\M Lang\cpp\x64.cpp">
      <Filter>MLang\cpp</Filter>
    </ClCompile>
    <ClCompile Include="..\M Lang\cpp\x86.cpp">
      <Filter>MLang\cpp</Filter>
    </ClCompile>
    <ClCompile Include="..\M Lang\cpp\precompile.cpp">
      <Filter>MLang\cpp</Filter>
    </ClCompile>
  </ItemGroup>
  <ItemGroup>
    <ClInclude Include="src\header\GLButton.h">
      <Filter>Header Files</Filter>
    </ClInclude>
    <ClInclude Include="src\header\Common.h">
      <Filter>Header Files</Filter>
    </ClInclude>
    <ClInclude Include="src\header\UIEffect.h">
      <Filter>Header Files</Filter>
    </ClInclude>
    <ClInclude Include="src\header\shader.h">
      <Filter>Header Files</Filter>
    </ClInclude>
    <ClInclude Include="src\header\core\renderer.h">
      <Filter>Header Files\core</Filter>
    </ClInclude>
    <ClInclude Include="..\M Lang\header\AST.h">
      <Filter>MLang\header</Filter>
    </ClInclude>
    <ClInclude Include="..\M Lang\header\base64.h">
      <Filter>MLang\header</Filter>
    </ClInclude>
    <ClInclude Include="..\M Lang\header\ByteArray.h">
      <Filter>MLang\header</Filter>
    </ClInclude>
    <ClInclude Include="..\M Lang\header\caller.h">
      <Filter>MLang\header</Filter>
    </ClInclude>
    <ClInclude Include="..\M Lang\header\Common.h">
      <Filter>MLang\header</Filter>
    </ClInclude>
    <ClInclude Include="..\M Lang\header\IRGenerator.h">
      <Filter>MLang\header</Filter>
    </ClInclude>
    <ClInclude Include="..\M Lang\header\Lexer.h">
      <Filter>MLang\header</Filter>
    </ClInclude>
    <ClInclude Include="..\M Lang\header\precompile.h">
      <Filter>MLang\header</Filter>
    </ClInclude>
    <ClInclude Include="..\M Lang\header\SectionManager.h">
      <Filter>MLang\header</Filter>
    </ClInclude>
    <ClInclude Include="..\M Lang\header\Struct.h">
      <Filter>MLang\header</Filter>
    </ClInclude>
    <ClInclude Include="..\M Lang\header\Tree.h">
      <Filter>MLang\header</Filter>
    </ClInclude>
    <ClInclude Include="..\M Lang\header\vm.h">
      <Filter>MLang\header</Filter>
    </ClInclude>
    <ClInclude Include="..\M Lang\header\x64.h">
      <Filter>MLang\header</Filter>
    </ClInclude>
    <ClInclude Include="..\M Lang\header\x86.h">
      <Filter>MLang\header</Filter>
    </ClInclude>
  </ItemGroup>
  <ItemGroup>
    <QtMoc Include="src\header\MainOpenGLWidget.h">
      <Filter>Header Files</Filter>
    </QtMoc>
  </ItemGroup>
</Project>